<?xml version="1.0" encoding="utf-8"?>
<Project ToolsVersion="4.0" xmlns="http://schemas.microsoft.com/developer/msbuild/2003">
  <ItemGroup>
    <Filter Include="Source Files">
      <UniqueIdentifier>{4FC737F1-C7A5-4376-A066-2A32D752A2FF}</UniqueIdentifier>
      <Extensions>cpp;c;cc;cxx;def;odl;idl;hpj;bat;asm;asmx</Extensions>
    </Filter>
    <Filter Include="Header Files">
      <UniqueIdentifier>{93995380-89BD-4b04-88EB-625FBE52EBFB}</UniqueIdentifier>
      <Extensions>h;hh;hpp;hxx;hm;inl;inc;xsd</Extensions>
    </Filter>
    <Filter Include="Resource Files">
      <UniqueIdentifier>{67DA6AB6-F800-4c08-8B7A-83BB121AAD01}</UniqueIdentifier>
      <Extensions>rc;ico;cur;bmp;dlg;rc2;rct;bin;rgs;gif;jpg;jpeg;jpe;resx;tiff;tif;png;wav;mfcribbon-ms</Extensions>
    </Filter>
    <Filter Include="Header Files\Core">
      <UniqueIdentifier>{ffcf6612-0985-456a-89df-1e9b7bebe2c8}</UniqueIdentifier>
    </Filter>
    <Filter Include="Source Files\Core">
      <UniqueIdentifier>{c00f0be7-74a6-4444-aad5-5c13dfa0bea1}</UniqueIdentifier>
    </Filter>
    <Filter Include="Source Files\States">
      <UniqueIdentifier>{2a87d4a5-8057-44a1-9c7d-c919690397f4}</UniqueIdentifier>
    </Filter>
    <Filter Include="Header Files\States">
      <UniqueIdentifier>{3a961682-2314-4e73-952e-525de9c61cff}</UniqueIdentifier>
    </Filter>
    <Filter Include="Header Files\ResourceManagement">
      <UniqueIdentifier>{7bc0348e-c559-4457-8fac-7a7a6a724a3b}</UniqueIdentifier>
    </Filter>
    <Filter Include="Source Files\ResourceManagement">
      <UniqueIdentifier>{088c2460-cd9f-4f74-836f-2a1ce5bfe895}</UniqueIdentifier>
    </Filter>
    <Filter Include="Header Files\Maths">
      <UniqueIdentifier>{a80b4c09-785a-4efc-8bb1-32325c5044fd}</UniqueIdentifier>
    </Filter>
    <Filter Include="Source Files\Maths">
      <UniqueIdentifier>{7d5397f7-606b-4e8c-b665-fbdb4bcb2a31}</UniqueIdentifier>
    </Filter>
    <Filter Include="Header Files\Physics">
      <UniqueIdentifier>{1aabae74-f9cb-4a53-8c87-824b204a2b2b}</UniqueIdentifier>
    </Filter>
    <Filter Include="Header Files\Components">
      <UniqueIdentifier>{4fb415cf-9786-4fc3-b6a9-be7111aa49b8}</UniqueIdentifier>
    </Filter>
    <Filter Include="Source Files\Components">
      <UniqueIdentifier>{0ae1aaa0-eeab-4caf-9a71-7a95d57c054a}</UniqueIdentifier>
    </Filter>
    <Filter Include="Header Files\Rendering">
      <UniqueIdentifier>{e0f9b212-9bca-41da-a0f7-d146d708d2c3}</UniqueIdentifier>
    </Filter>
    <Filter Include="Source Files\Rendering">
      <UniqueIdentifier>{b15dcebd-e2ab-445e-8aa3-1b439caa99f3}</UniqueIdentifier>
    </Filter>
    <Filter Include="Source Files\AI">
      <UniqueIdentifier>{53f2e870-c982-4bd1-a3ab-c35b157db923}</UniqueIdentifier>
    </Filter>
    <Filter Include="Header Files\AI">
      <UniqueIdentifier>{6e6df5e7-a4a2-4b5a-9136-87e2a95ba788}</UniqueIdentifier>
    </Filter>
    <Filter Include="Source Files\Physics">
      <UniqueIdentifier>{edac2a95-66ea-4bef-8abf-1c4daa355c4c}</UniqueIdentifier>
    </Filter>
    <Filter Include="Header Files\ExternalLibraries">
      <UniqueIdentifier>{e817d0e7-ac49-4b6f-b9a1-bac52aabae11}</UniqueIdentifier>
    </Filter>
    <Filter Include="Source Files\ExternalLibraries">
      <UniqueIdentifier>{e780b81e-c96c-4aba-ba0f-ee197cfe7151}</UniqueIdentifier>
    </Filter>
    <Filter Include="Header Files\UI">
      <UniqueIdentifier>{0eea11e1-46fc-4da6-a3c9-0df2327d54b1}</UniqueIdentifier>
    </Filter>
    <Filter Include="Source Files\UI">
      <UniqueIdentifier>{3bfb658d-9fd5-46d5-8776-e552e137de88}</UniqueIdentifier>
    </Filter>
    <Filter Include="Header Files\States\Assignment1Demo">
      <UniqueIdentifier>{b7c1d9d0-fc72-4fe7-a549-66a7b1342a2b}</UniqueIdentifier>
    </Filter>
    <Filter Include="Source Files\States\Assignment1Demo">
      <UniqueIdentifier>{c6d4c8e6-3e40-46b3-85ce-ac36bba5b467}</UniqueIdentifier>
    </Filter>
    <Filter Include="Header Files\States\DemoState5">
      <UniqueIdentifier>{44a81d90-ff22-4dde-a1d9-3bb9dedc127d}</UniqueIdentifier>
    </Filter>
    <Filter Include="Header Files\States\DemoState6">
      <UniqueIdentifier>{78d1b29e-e9bd-4a10-8d8c-2df7d69a2292}</UniqueIdentifier>
    </Filter>
    <Filter Include="Header Files\States\FlockingDemo">
      <UniqueIdentifier>{e7528613-ec76-4c8b-879f-e6b7d0c0cfd7}</UniqueIdentifier>
    </Filter>
    <Filter Include="Header Files\States\HeightmapDemo">
      <UniqueIdentifier>{b66a2921-d8ce-4c1f-9732-1044dca106cf}</UniqueIdentifier>
    </Filter>
    <Filter Include="Header Files\States\CannonGame">
      <UniqueIdentifier>{0e116ed2-dd79-402a-b19a-02dc7c0158fd}</UniqueIdentifier>
    </Filter>
    <Filter Include="Source Files\States\CannonGame">
      <UniqueIdentifier>{e66ffaee-fb62-4937-b0f0-bdef46743612}</UniqueIdentifier>
    </Filter>
    <Filter Include="Source Files\States\DemoState5">
      <UniqueIdentifier>{26f07ce5-cd1b-4183-91ea-66d4f19fc33c}</UniqueIdentifier>
    </Filter>
    <Filter Include="Source Files\States\DemoState6">
      <UniqueIdentifier>{16b3c954-2006-41e6-84bd-ce355537259f}</UniqueIdentifier>
    </Filter>
    <Filter Include="Source Files\States\FlockingDemo">
      <UniqueIdentifier>{98355171-2ec3-4743-b6f1-d527ceecafb0}</UniqueIdentifier>
    </Filter>
    <Filter Include="Source Files\States\HeightmapDemo">
      <UniqueIdentifier>{ce88f7b7-5ab6-45c2-b8c2-7aa6dc515133}</UniqueIdentifier>
    </Filter>
    <Filter Include="Header Files\States\CannonGame\Components">
      <UniqueIdentifier>{cfbf0193-3f2d-4205-9ca5-824f12efeb72}</UniqueIdentifier>
    </Filter>
    <Filter Include="Source Files\States\CannonGame\Components">
      <UniqueIdentifier>{25be5a74-5412-4ac3-8b0f-368d7fabeef2}</UniqueIdentifier>
    </Filter>
  </ItemGroup>
  <ItemGroup>
    <ClCompile Include="main.cpp">
      <Filter>Source Files</Filter>
    </ClCompile>
    <ClCompile Include="Core\Application.cpp">
      <Filter>Source Files\Core</Filter>
    </ClCompile>
    <ClCompile Include="Core\Logging.cpp">
      <Filter>Source Files\Core</Filter>
    </ClCompile>
    <ClCompile Include="Core\WindowFrame.cpp">
      <Filter>Source Files\Core</Filter>
    </ClCompile>
    <ClCompile Include="Core\InputManager.cpp">
      <Filter>Source Files\Core</Filter>
    </ClCompile>
    <ClCompile Include="Maths\Convert.cpp">
      <Filter>Source Files\Maths</Filter>
    </ClCompile>
    <ClCompile Include="Maths\Mat4.cpp">
      <Filter>Source Files\Maths</Filter>
    </ClCompile>
    <ClCompile Include="Maths\Quaternion.cpp">
      <Filter>Source Files\Maths</Filter>
    </ClCompile>
    <ClCompile Include="Core\PerformanceTest.cpp">
      <Filter>Source Files\Core</Filter>
    </ClCompile>
    <ClCompile Include="ResourceManagement\FileLoader.cpp">
      <Filter>Source Files\ResourceManagement</Filter>
    </ClCompile>
    <ClCompile Include="Physics\Collision.cpp">
      <Filter>Source Files\Physics</Filter>
    </ClCompile>
    <ClCompile Include="Physics\Mechanics.cpp">
      <Filter>Source Files\Physics</Filter>
    </ClCompile>
    <ClCompile Include="States\MainMenu.cpp">
      <Filter>Source Files\States</Filter>
    </ClCompile>
    <ClCompile Include="States\Splash.cpp">
      <Filter>Source Files\States</Filter>
    </ClCompile>
    <ClCompile Include="States\State.cpp">
      <Filter>Source Files\States</Filter>
    </ClCompile>
    <ClCompile Include="States\StateManager.cpp">
      <Filter>Source Files\States</Filter>
    </ClCompile>
    <ClCompile Include="Core\Timer.cpp">
      <Filter>Source Files\Core</Filter>
    </ClCompile>
    <ClCompile Include="ResourceManagement\Audio.cpp">
      <Filter>Source Files\ResourceManagement</Filter>
    </ClCompile>
    <ClCompile Include="ResourceManagement\Music.cpp">
      <Filter>Source Files\ResourceManagement</Filter>
    </ClCompile>
    <ClCompile Include="ResourceManagement\ResourceManager.cpp">
      <Filter>Source Files\ResourceManagement</Filter>
    </ClCompile>
    <ClCompile Include="ResourceManagement\Shader.cpp">
      <Filter>Source Files\ResourceManagement</Filter>
    </ClCompile>
    <ClCompile Include="Core\GameObject.cpp">
      <Filter>Source Files\Core</Filter>
    </ClCompile>
    <ClCompile Include="ResourceManagement\Mesh.cpp">
      <Filter>Source Files\ResourceManagement</Filter>
    </ClCompile>
    <ClCompile Include="Components\CameraComponent.cpp">
      <Filter>Source Files\Components</Filter>
    </ClCompile>
    <ClCompile Include="Components\Component.cpp">
      <Filter>Source Files\Components</Filter>
    </ClCompile>
    <ClCompile Include="Components\ModelComponent.cpp">
      <Filter>Source Files\Components</Filter>
    </ClCompile>
    <ClCompile Include="Components\TransformComponent.cpp">
      <Filter>Source Files\Components</Filter>
    </ClCompile>
    <ClCompile Include="Components\BoundingBoxComponent.cpp">
      <Filter>Source Files\Components</Filter>
    </ClCompile>
    <ClCompile Include="Components\BoundingSphereComponent.cpp">
      <Filter>Source Files\Components</Filter>
    </ClCompile>
    <ClCompile Include="ResourceManagement\Heightmap.cpp">
      <Filter>Source Files\ResourceManagement</Filter>
    </ClCompile>
    <ClCompile Include="Components\CameraControlComponent.cpp">
      <Filter>Source Files\Components</Filter>
    </ClCompile>
    <ClCompile Include="Maths\Scaling.cpp">
      <Filter>Source Files\Maths</Filter>
    </ClCompile>
    <ClCompile Include="ResourceManagement\Primitives.cpp">
      <Filter>Source Files\ResourceManagement</Filter>
    </ClCompile>
    <ClCompile Include="Rendering\OpenGLRendering.cpp">
      <Filter>Source Files\Rendering</Filter>
    </ClCompile>
    <ClCompile Include="ResourceManagement\Sprite.cpp">
      <Filter>Source Files\ResourceManagement</Filter>
    </ClCompile>
    <ClCompile Include="ResourceManagement\Text.cpp">
      <Filter>Source Files\ResourceManagement</Filter>
    </ClCompile>
    <ClCompile Include="AI\Boid.cpp">
      <Filter>Source Files\AI</Filter>
    </ClCompile>
    <ClCompile Include="AI\Flocking.cpp">
      <Filter>Source Files\AI</Filter>
    </ClCompile>
    <ClCompile Include="Core\Screenshot.cpp">
      <Filter>Source Files\Core</Filter>
    </ClCompile>
    <ClCompile Include="ExternalLibraries\lodepng.cpp">
      <Filter>Source Files\ExternalLibraries</Filter>
    </ClCompile>
    <ClCompile Include="UI\UIManager.cpp">
      <Filter>Source Files\UI</Filter>
    </ClCompile>
    <ClCompile Include="UI\Button.cpp">
      <Filter>Source Files\UI</Filter>
    </ClCompile>
    <ClCompile Include="States\Assignment1Demo\Assignment1Demo.cpp">
      <Filter>Source Files\States\Assignment1Demo</Filter>
    </ClCompile>
    <ClCompile Include="States\CannonGame\CannonGame.cpp">
      <Filter>Source Files\States\CannonGame</Filter>
    </ClCompile>
    <ClCompile Include="States\DemoState5\DemoState5.cpp">
      <Filter>Source Files\States\DemoState5</Filter>
    </ClCompile>
    <ClCompile Include="States\DemoState6\DemoState6.cpp">
      <Filter>Source Files\States\DemoState6</Filter>
    </ClCompile>
    <ClCompile Include="States\HeightmapDemo\HeightmapDemo.cpp">
      <Filter>Source Files\States\HeightmapDemo</Filter>
    </ClCompile>
    <ClCompile Include="States\FlockingDemo\FlockingDemo.cpp">
      <Filter>Source Files\States\FlockingDemo</Filter>
    </ClCompile>
    <ClCompile Include="States\CannonGame\Components\CannonControllerComponent.cpp">
      <Filter>Source Files\States\CannonGame\Components</Filter>
    </ClCompile>
    <ClCompile Include="States\CannonGame\Components\AimBallComponent.cpp">
      <Filter>Source Files\States\CannonGame\Components</Filter>
    </ClCompile>
  </ItemGroup>
  <ItemGroup>
    <ClInclude Include="Core\Application.h">
      <Filter>Header Files\Core</Filter>
    </ClInclude>
    <ClInclude Include="Core\Logging.h">
      <Filter>Header Files\Core</Filter>
    </ClInclude>
    <ClInclude Include="Core\WindowFrame.h">
      <Filter>Header Files\Core</Filter>
    </ClInclude>
    <ClInclude Include="Maths\Vec2.h">
      <Filter>Header Files\Maths</Filter>
    </ClInclude>
    <ClInclude Include="Core\InputManager.h">
      <Filter>Header Files\Core</Filter>
    </ClInclude>
    <ClInclude Include="Core\InputManagerDefs.h">
      <Filter>Header Files\Core</Filter>
    </ClInclude>
    <ClInclude Include="Maths\Vec3.h">
      <Filter>Header Files\Maths</Filter>
    </ClInclude>
    <ClInclude Include="Maths\Quaternion.h">
      <Filter>Header Files\Maths</Filter>
    </ClInclude>
    <ClInclude Include="Maths\Vec4.h">
      <Filter>Header Files\Maths</Filter>
    </ClInclude>
    <ClInclude Include="Maths\Convert.h">
      <Filter>Header Files\Maths</Filter>
    </ClInclude>
    <ClInclude Include="Maths\Mat4.h">
      <Filter>Header Files\Maths</Filter>
    </ClInclude>
    <ClInclude Include="Maths\MathsDefs.h">
      <Filter>Header Files\Maths</Filter>
    </ClInclude>
    <ClInclude Include="Core\PerformanceTest.h">
      <Filter>Header Files\Core</Filter>
    </ClInclude>
    <ClInclude Include="ResourceManagement\FileLoader.h">
      <Filter>Header Files\ResourceManagement</Filter>
    </ClInclude>
    <ClInclude Include="Physics\Collision.h">
      <Filter>Header Files\Physics</Filter>
    </ClInclude>
    <ClInclude Include="Physics\Mechanics.h">
      <Filter>Header Files\Physics</Filter>
    </ClInclude>
    <ClInclude Include="States\MainMenu.h">
      <Filter>Header Files\States</Filter>
    </ClInclude>
    <ClInclude Include="States\Splash.h">
      <Filter>Header Files\States</Filter>
    </ClInclude>
    <ClInclude Include="States\State.h">
      <Filter>Header Files\States</Filter>
    </ClInclude>
    <ClInclude Include="States\StateManager.h">
      <Filter>Header Files\States</Filter>
    </ClInclude>
    <ClInclude Include="Core\Timer.h">
      <Filter>Header Files\Core</Filter>
    </ClInclude>
    <ClInclude Include="ResourceManagement\Audio.h">
      <Filter>Header Files\ResourceManagement</Filter>
    </ClInclude>
    <ClInclude Include="ResourceManagement\Music.h">
      <Filter>Header Files\ResourceManagement</Filter>
    </ClInclude>
    <ClInclude Include="ResourceManagement\ResourceManager.h">
      <Filter>Header Files\ResourceManagement</Filter>
    </ClInclude>
    <ClInclude Include="ResourceManagement\Shader.h">
      <Filter>Header Files\ResourceManagement</Filter>
    </ClInclude>
    <ClInclude Include="Core\GameObject.h">
      <Filter>Header Files\Core</Filter>
    </ClInclude>
    <ClInclude Include="ResourceManagement\Mesh.h">
      <Filter>Header Files\ResourceManagement</Filter>
    </ClInclude>
    <ClInclude Include="Components\CameraComponent.h">
      <Filter>Header Files\Components</Filter>
    </ClInclude>
    <ClInclude Include="Components\Component.h">
      <Filter>Header Files\Components</Filter>
    </ClInclude>
    <ClInclude Include="Components\ModelComponent.h">
      <Filter>Header Files\Components</Filter>
    </ClInclude>
    <ClInclude Include="Components\TransformComponent.h">
      <Filter>Header Files\Components</Filter>
    </ClInclude>
    <ClInclude Include="Components\BoundingBoxComponent.h">
      <Filter>Header Files\Components</Filter>
    </ClInclude>
    <ClInclude Include="Components\BoundingSphereComponent.h">
      <Filter>Header Files\Components</Filter>
    </ClInclude>
    <ClInclude Include="ResourceManagement\Heightmap.h">
      <Filter>Header Files\ResourceManagement</Filter>
    </ClInclude>
    <ClInclude Include="Components\CameraControlComponent.h">
      <Filter>Header Files\Components</Filter>
    </ClInclude>
    <ClInclude Include="ResourceManagement\Primitives.h">
      <Filter>Header Files\ResourceManagement</Filter>
    </ClInclude>
    <ClInclude Include="Maths\Scaling.h">
      <Filter>Header Files\Maths</Filter>
    </ClInclude>
    <ClInclude Include="Rendering\OpenGLRendering.h">
      <Filter>Header Files\Rendering</Filter>
    </ClInclude>
    <ClInclude Include="ResourceManagement\Sprite.h">
      <Filter>Header Files\ResourceManagement</Filter>
    </ClInclude>
    <ClInclude Include="ResourceManagement\Text.h">
      <Filter>Header Files\ResourceManagement</Filter>
    </ClInclude>
    <ClInclude Include="AI\Boid.h">
      <Filter>Header Files\AI</Filter>
    </ClInclude>
    <ClInclude Include="AI\Flocking.h">
      <Filter>Header Files\AI</Filter>
    </ClInclude>
    <ClInclude Include="Core\Screenshot.h">
      <Filter>Header Files\Core</Filter>
    </ClInclude>
    <ClInclude Include="ExternalLibraries\lodepng.h">
      <Filter>Header Files\ExternalLibraries</Filter>
    </ClInclude>
    <ClInclude Include="UI\UIManager.h">
      <Filter>Header Files\UI</Filter>
    </ClInclude>
    <ClInclude Include="UI\Button.h">
      <Filter>Header Files\UI</Filter>
    </ClInclude>
    <ClInclude Include="States\Assignment1Demo\Assignment1Demo.h">
      <Filter>Header Files\States\Assignment1Demo</Filter>
    </ClInclude>
    <ClInclude Include="States\CannonGame\CannonGame.h">
      <Filter>Header Files\States\CannonGame</Filter>
    </ClInclude>
    <ClInclude Include="States\DemoState5\DemoState5.h">
      <Filter>Header Files\States\DemoState5</Filter>
    </ClInclude>
    <ClInclude Include="States\FlockingDemo\FlockingDemo.h">
      <Filter>Header Files\States\FlockingDemo</Filter>
    </ClInclude>
    <ClInclude Include="States\DemoState6\DemoState6.h">
      <Filter>Header Files\States\DemoState6</Filter>
    </ClInclude>
    <ClInclude Include="States\HeightmapDemo\HeightmapDemo.h">
      <Filter>Header Files\States\HeightmapDemo</Filter>
    </ClInclude>
    <ClInclude Include="States\CannonGame\Components\CannonControllerComponent.h">
      <Filter>Header Files\States\CannonGame\Components</Filter>
    </ClInclude>
    <ClInclude Include="States\CannonGame\Components\AimBallComponent.h">
      <Filter>Header Files\States\CannonGame\Components</Filter>
    </ClInclude>
  </ItemGroup>
</Project>